schema: '2.0'
stages:
  train:
    cmd: python src/model.py
    deps:
    - path: params.yaml
      hash: md5
      md5: 58c74ecd84670634f82438ef913d2454
      size: 158
    - path: src/model.py
      hash: md5
      md5: 4b6b1bf7584db184297a1c092414fefd
      size: 2959
    params:
      params.yaml:
        data.random_seed: 42
        data.train_split: 0.8
        model.dense_units: 10
        model.epochs: 100
        model.learning_rate: 0.01
    outs:
    - path: dvclive/
      hash: md5
      md5: 510ea308b0f665d5dec9ecfb3806586c.dir
      size: 23621
      nfiles: 4
    - path: model_results.png
      hash: md5
      md5: 4ab52758aa8a9cfbb76715156df92eaa
      size: 47435
    - path: models/model.keras
      hash: md5
      md5: d94381b411c7ca20a3d466989c1c7aad
      size: 18463
  evaluate:
    cmd: python src/evaluate.py
    deps:
    - path: models/model.keras
      hash: md5
      md5: d94381b411c7ca20a3d466989c1c7aad
      size: 18463
    - path: params.yaml
      hash: md5
      md5: 58c74ecd84670634f82438ef913d2454
      size: 158
    - path: src/evaluate.py
      hash: md5
      md5: 6348d7812741ea6433177e7a32fb276d
      size: 1438
    params:
      params.yaml:
        data.train_split: 0.8
        evaluate.metrics_path: metrics.json
    outs:
    - path: metrics.json
      hash: md5
      md5: 1e2dc22194a9a6381c3c0854bebf9d6e
      size: 38
